Microsoft Visual Studio Solution File, Format Version 12.00
# Visual Studio Version 17
VisualStudioVersion = 17.5.2.0
MinimumVisualStudioVersion = 10.0.40219.1
Project("{FAE04EC0-301F-11D3-BF4B-00C04F79EFBC}") = "MyVMApi", "MyVMApi.csproj", "{5FD9BC5A-A8B1-F8E0-FC8A-A8F37A027518}"
EndProject
Global
	GlobalSection(SolutionConfigurationPlatforms) = preSolution
		Debug|Any CPU = Debug|Any CPU
		Release|Any CPU = Release|Any CPU
	EndGlobalSection
	GlobalSection(ProjectConfigurationPlatforms) = postSolution
		{5FD9BC5A-A8B1-F8E0-FC8A-A8F37A027518}.Debug|Any CPU.ActiveCfg = Debug|Any CPU
		{5FD9BC5A-A8B1-F8E0-FC8A-A8F37A027518}.Debug|Any CPU.Build.0 = Debug|Any CPU
		{5FD9BC5A-A8B1-F8E0-FC8A-A8F37A027518}.Release|Any CPU.ActiveCfg = Release|Any CPU
		{5FD9BC5A-A8B1-F8E0-FC8A-A8F37A027518}.Release|Any CPU.Build.0 = Release|Any CPU
	EndGlobalSection
	GlobalSection(SolutionProperties) = preSolution
		HideSolutionNode = FALSE
	EndGlobalSection
	GlobalSection(ExtensibilityGlobals) = postSolution
		SolutionGuid = {DEF1D2E9-0630-4B5A-BB69-B50169AB92A1}
	EndGlobalSection
EndGlobal
